
Microsoft Visual Studio Solution File, Format Version 12.00
# Visual Studio 15
Project("{F2A71F9B-5D33-465A-A702-920D77279786}") = "CsToFs", "CsToFs\CsToFs.fsproj", "{665270ED-ED65-493B-941B-301555459C2F}"
EndProject
Project("{F2A71F9B-5D33-465A-A702-920D77279786}") = "CsToFs.Core", "CsToFs.Core\CsToFs.Core.fsproj", "{2027535C-D5D3-4D90-96A1-E996BA3F999E}"
EndProject
Global
	GlobalSection(SolutionConfigurationPlatforms) = preSolution
		Debug|Any CPU = Debug|Any CPU
		Release|Any CPU = Release|Any CPU
	EndGlobalSection
	GlobalSection(ProjectConfigurationPlatforms) = postSolution
		{665270ED-ED65-493B-941B-301555459C2F}.Debug|Any CPU.ActiveCfg = Debug|Any CPU
		{665270ED-ED65-493B-941B-301555459C2F}.Debug|Any CPU.Build.0 = Debug|Any CPU
		{665270ED-ED65-493B-941B-301555459C2F}.Release|Any CPU.ActiveCfg = Release|Any CPU
		{665270ED-ED65-493B-941B-301555459C2F}.Release|Any CPU.Build.0 = Release|Any CPU
		{2027535C-D5D3-4D90-96A1-E996BA3F999E}.Debug|Any CPU.ActiveCfg = Debug|Any CPU
		{2027535C-D5D3-4D90-96A1-E996BA3F999E}.Debug|Any CPU.Build.0 = Debug|Any CPU
		{2027535C-D5D3-4D90-96A1-E996BA3F999E}.Release|Any CPU.ActiveCfg = Release|Any CPU
		{2027535C-D5D3-4D90-96A1-E996BA3F999E}.Release|Any CPU.Build.0 = Release|Any CPU
	EndGlobalSection
EndGlobal
